
Microsoft Visual Studio Solution File, Format Version 12.00
Project("{FAE04EC0-301F-11D3-BF4B-00C04F79EFBC}") = "batteries", "batteries\batteries.csproj", "{660CAB24-5C25-41AC-AD78-0599D0B541FA}"
EndProject
Global
	GlobalSection(SolutionConfigurationPlatforms) = preSolution
		Debug|Any CPU = Debug|Any CPU
		Release|Any CPU = Release|Any CPU
	EndGlobalSection
	GlobalSection(ProjectConfigurationPlatforms) = postSolution
		{660CAB24-5C25-41AC-AD78-0599D0B541FA}.Debug|Any CPU.ActiveCfg = Debug|Any CPU
		{660CAB24-5C25-41AC-AD78-0599D0B541FA}.Debug|Any CPU.Build.0 = Debug|Any CPU
		{660CAB24-5C25-41AC-AD78-0599D0B541FA}.Release|Any CPU.ActiveCfg = Release|Any CPU
		{660CAB24-5C25-41AC-AD78-0599D0B541FA}.Release|Any CPU.Build.0 = Release|Any CPU
	EndGlobalSection
EndGlobal
